
Microsoft Visual Studio Solution File, Format Version 12.00
# Visual Studio Version 16
VisualStudioVersion = 16.0.30621.155
MinimumVisualStudioVersion = 10.0.40219.1
Project("{FAE04EC0-301F-11D3-BF4B-00C04F79EFBC}") = "ElementGenerator", "ElementGenerator\ElementGenerator.csproj", "{73083A79-86ED-407F-B736-4C38065F567B}"
EndProject
Project("{FAE04EC0-301F-11D3-BF4B-00C04F79EFBC}") = "ElementGenerator.Tests", "ElementGenerator.Tests\ElementGenerator.Tests.csproj", "{EE231CE9-8C1A-4ABB-BD8D-9A550F34BBD1}"
EndProject
Project("{FAE04EC0-301F-11D3-BF4B-00C04F79EFBC}") = "ElementConsole", "ElementConsole\ElementConsole.csproj", "{B87B93C7-39B3-4A8A-934E-41AE894F3C98}"
EndProject
Global
	GlobalSection(SolutionConfigurationPlatforms) = preSolution
		Debug|Any CPU = Debug|Any CPU
		Release|Any CPU = Release|Any CPU
	EndGlobalSection
	GlobalSection(ProjectConfigurationPlatforms) = postSolution
		{73083A79-86ED-407F-B736-4C38065F567B}.Debug|Any CPU.ActiveCfg = Debug|Any CPU
		{73083A79-86ED-407F-B736-4C38065F567B}.Debug|Any CPU.Build.0 = Debug|Any CPU
		{73083A79-86ED-407F-B736-4C38065F567B}.Release|Any CPU.ActiveCfg = Release|Any CPU
		{73083A79-86ED-407F-B736-4C38065F567B}.Release|Any CPU.Build.0 = Release|Any CPU
		{EE231CE9-8C1A-4ABB-BD8D-9A550F34BBD1}.Debug|Any CPU.ActiveCfg = Debug|Any CPU
		{EE231CE9-8C1A-4ABB-BD8D-9A550F34BBD1}.Debug|Any CPU.Build.0 = Debug|Any CPU
		{EE231CE9-8C1A-4ABB-BD8D-9A550F34BBD1}.Release|Any CPU.ActiveCfg = Release|Any CPU
		{EE231CE9-8C1A-4ABB-BD8D-9A550F34BBD1}.Release|Any CPU.Build.0 = Release|Any CPU
		{B87B93C7-39B3-4A8A-934E-41AE894F3C98}.Debug|Any CPU.ActiveCfg = Debug|Any CPU
		{B87B93C7-39B3-4A8A-934E-41AE894F3C98}.Debug|Any CPU.Build.0 = Debug|Any CPU
		{B87B93C7-39B3-4A8A-934E-41AE894F3C98}.Release|Any CPU.ActiveCfg = Release|Any CPU
		{B87B93C7-39B3-4A8A-934E-41AE894F3C98}.Release|Any CPU.Build.0 = Release|Any CPU
	EndGlobalSection
	GlobalSection(SolutionProperties) = preSolution
		HideSolutionNode = FALSE
	EndGlobalSection
	GlobalSection(ExtensibilityGlobals) = postSolution
		SolutionGuid = {F0C6B711-EF16-42FD-A8DA-3BB04754A2F7}
	EndGlobalSection
EndGlobal
